
Microsoft Visual Studio Solution File, Format Version 12.00
# Visual Studio Version 17
VisualStudioVersion = 17.14.36408.4
MinimumVisualStudioVersion = 10.0.40219.1
Project("{FAE04EC0-301F-11D3-BF4B-00C04F79EFBC}") = "HotelBookingAPI", "HotelBookingAPI\HotelBookingAPI.csproj", "{1B782DF0-8ABF-4555-874F-3D02C0590FB6}"
EndProject
Project("{FAE04EC0-301F-11D3-BF4B-00C04F79EFBC}") = "HotelBookingAPITests", "HotelBookingAPITests\HotelBookingAPITests.csproj", "{A57C4CF3-219D-4CD3-92FF-BD9A39C208F8}"
EndProject
Global
	GlobalSection(SolutionConfigurationPlatforms) = preSolution
		Debug|Any CPU = Debug|Any CPU
		Release|Any CPU = Release|Any CPU
	EndGlobalSection
	GlobalSection(ProjectConfigurationPlatforms) = postSolution
		{1B782DF0-8ABF-4555-874F-3D02C0590FB6}.Debug|Any CPU.ActiveCfg = Debug|Any CPU
		{1B782DF0-8ABF-4555-874F-3D02C0590FB6}.Debug|Any CPU.Build.0 = Debug|Any CPU
		{1B782DF0-8ABF-4555-874F-3D02C0590FB6}.Release|Any CPU.ActiveCfg = Release|Any CPU
		{1B782DF0-8ABF-4555-874F-3D02C0590FB6}.Release|Any CPU.Build.0 = Release|Any CPU
		{A57C4CF3-219D-4CD3-92FF-BD9A39C208F8}.Debug|Any CPU.ActiveCfg = Debug|Any CPU
		{A57C4CF3-219D-4CD3-92FF-BD9A39C208F8}.Debug|Any CPU.Build.0 = Debug|Any CPU
		{A57C4CF3-219D-4CD3-92FF-BD9A39C208F8}.Release|Any CPU.ActiveCfg = Release|Any CPU
		{A57C4CF3-219D-4CD3-92FF-BD9A39C208F8}.Release|Any CPU.Build.0 = Release|Any CPU
	EndGlobalSection
	GlobalSection(SolutionProperties) = preSolution
		HideSolutionNode = FALSE
	EndGlobalSection
	GlobalSection(ExtensibilityGlobals) = postSolution
		SolutionGuid = {253723D0-8D2F-45CF-9058-878BEAF0B072}
	EndGlobalSection
EndGlobal
